
Microsoft Visual Studio Solution File, Format Version 12.00
# Visual Studio Version 17
VisualStudioVersion = 17.12.35707.178 d17.12
MinimumVisualStudioVersion = 10.0.40219.1
Project("{FAE04EC0-301F-11D3-BF4B-00C04F79EFBC}") = "TinyUrlSvc", "TinyUrlSvc\TinyUrlSvc.csproj", "{931F204A-A6A2-4341-895C-16C95233617C}"
EndProject
Project("{FAE04EC0-301F-11D3-BF4B-00C04F79EFBC}") = "TinyUrlSvc.Tests", "TinyUrlSvc.Tests\TinyUrlSvc.Tests.csproj", "{7B084AC6-4C99-4F4D-86A4-07C0473B351D}"
EndProject
Global
	GlobalSection(SolutionConfigurationPlatforms) = preSolution
		Debug|Any CPU = Debug|Any CPU
		Release|Any CPU = Release|Any CPU
	EndGlobalSection
	GlobalSection(ProjectConfigurationPlatforms) = postSolution
		{931F204A-A6A2-4341-895C-16C95233617C}.Debug|Any CPU.ActiveCfg = Debug|Any CPU
		{931F204A-A6A2-4341-895C-16C95233617C}.Debug|Any CPU.Build.0 = Debug|Any CPU
		{931F204A-A6A2-4341-895C-16C95233617C}.Release|Any CPU.ActiveCfg = Release|Any CPU
		{931F204A-A6A2-4341-895C-16C95233617C}.Release|Any CPU.Build.0 = Release|Any CPU
		{7B084AC6-4C99-4F4D-86A4-07C0473B351D}.Debug|Any CPU.ActiveCfg = Debug|Any CPU
		{7B084AC6-4C99-4F4D-86A4-07C0473B351D}.Debug|Any CPU.Build.0 = Debug|Any CPU
		{7B084AC6-4C99-4F4D-86A4-07C0473B351D}.Release|Any CPU.ActiveCfg = Release|Any CPU
		{7B084AC6-4C99-4F4D-86A4-07C0473B351D}.Release|Any CPU.Build.0 = Release|Any CPU
	EndGlobalSection
	GlobalSection(SolutionProperties) = preSolution
		HideSolutionNode = FALSE
	EndGlobalSection
EndGlobal
